
Microsoft Visual Studio Solution File, Format Version 12.00
# Visual Studio 15
Project("{FAE04EC0-301F-11D3-BF4B-00C04F79EFBC}") = "Assembly-CSharp", "Assembly-CSharp.csproj", "{61A958CD-A2B3-D08D-2B0A-8688DC468698}"
EndProject
Project("{FAE04EC0-301F-11D3-BF4B-00C04F79EFBC}") = "Assembly-CSharp-Editor", "Assembly-CSharp-Editor.csproj", "{F8EFB951-B96B-3334-9B37-527C35D52151}"
EndProject
Global
	GlobalSection(SolutionConfigurationPlatforms) = preSolution
		Debug|Any CPU = Debug|Any CPU
		Release|Any CPU = Release|Any CPU
	EndGlobalSection
	GlobalSection(ProjectConfigurationPlatforms) = postSolution
		{61A958CD-A2B3-D08D-2B0A-8688DC468698}.Debug|Any CPU.ActiveCfg = Debug|Any CPU
		{61A958CD-A2B3-D08D-2B0A-8688DC468698}.Debug|Any CPU.Build.0 = Debug|Any CPU
		{61A958CD-A2B3-D08D-2B0A-8688DC468698}.Release|Any CPU.ActiveCfg = Release|Any CPU
		{61A958CD-A2B3-D08D-2B0A-8688DC468698}.Release|Any CPU.Build.0 = Release|Any CPU
		{F8EFB951-B96B-3334-9B37-527C35D52151}.Debug|Any CPU.ActiveCfg = Debug|Any CPU
		{F8EFB951-B96B-3334-9B37-527C35D52151}.Debug|Any CPU.Build.0 = Debug|Any CPU
		{F8EFB951-B96B-3334-9B37-527C35D52151}.Release|Any CPU.ActiveCfg = Release|Any CPU
		{F8EFB951-B96B-3334-9B37-527C35D52151}.Release|Any CPU.Build.0 = Release|Any CPU
	EndGlobalSection
	GlobalSection(SolutionProperties) = preSolution
		HideSolutionNode = FALSE
	EndGlobalSection
EndGlobal
